
Microsoft Visual Studio Solution File, Format Version 12.00
# Visual Studio 14
VisualStudioVersion = 14.0.25420.1
MinimumVisualStudioVersion = 10.0.40219.1
Project("{F2A71F9B-5D33-465A-A702-920D77279786}") = "WebSharper.Community.Split.Sample", "WebSharper.Community.Split.Sample\WebSharper.Community.Split.Sample.fsproj", "{68604AB6-61B1-486F-933B-09F7E6CD14EE}"
EndProject
Project("{F2A71F9B-5D33-465A-A702-920D77279786}") = "WebSharper.Community.Split", "WebSharper.Community.Split\WebSharper.Community.Split.fsproj", "{BDCE4804-5415-421D-8FBB-3C37B946C34E}"
EndProject
Global
	GlobalSection(SolutionConfigurationPlatforms) = preSolution
		Debug|Any CPU = Debug|Any CPU
		Release|Any CPU = Release|Any CPU
	EndGlobalSection
	GlobalSection(ProjectConfigurationPlatforms) = postSolution
		{68604AB6-61B1-486F-933B-09F7E6CD14EE}.Debug|Any CPU.ActiveCfg = Debug|Any CPU
		{68604AB6-61B1-486F-933B-09F7E6CD14EE}.Debug|Any CPU.Build.0 = Debug|Any CPU
		{68604AB6-61B1-486F-933B-09F7E6CD14EE}.Release|Any CPU.ActiveCfg = Release|Any CPU
		{68604AB6-61B1-486F-933B-09F7E6CD14EE}.Release|Any CPU.Build.0 = Release|Any CPU
		{BDCE4804-5415-421D-8FBB-3C37B946C34E}.Debug|Any CPU.ActiveCfg = Debug|Any CPU
		{BDCE4804-5415-421D-8FBB-3C37B946C34E}.Debug|Any CPU.Build.0 = Debug|Any CPU
		{BDCE4804-5415-421D-8FBB-3C37B946C34E}.Release|Any CPU.ActiveCfg = Release|Any CPU
		{BDCE4804-5415-421D-8FBB-3C37B946C34E}.Release|Any CPU.Build.0 = Release|Any CPU
	EndGlobalSection
	GlobalSection(SolutionProperties) = preSolution
		HideSolutionNode = FALSE
	EndGlobalSection
EndGlobal
